
Microsoft Visual Studio Solution File, Format Version 12.00
# Visual Studio Version 17
VisualStudioVersion = 17.4.33122.133
MinimumVisualStudioVersion = 10.0.40219.1
Project("{2150E333-8FDC-42A3-9474-1A3956D46DE8}") = "src", "src", "{B0CC03CF-86D3-4A23-8FA1-ABF43F656EF5}"
EndProject
Project("{9A19103F-16F7-4668-BE54-9A1E7A4F7556}") = "Web", "src\Web\Web.csproj", "{D3B7ED42-5B43-463A-BC8A-4B3F09F7E923}"
EndProject
Project("{2150E333-8FDC-42A3-9474-1A3956D46DE8}") = "test", "test", "{E8592EE4-F1D5-4335-AE7C-93AFF248916B}"
EndProject
Project("{9A19103F-16F7-4668-BE54-9A1E7A4F7556}") = "WebTests", "test\WebTests\WebTests.csproj", "{EBEC2236-E119-451C-869E-214C214FDFD3}"
EndProject
Global
	GlobalSection(SolutionConfigurationPlatforms) = preSolution
		Debug|Any CPU = Debug|Any CPU
		Release|Any CPU = Release|Any CPU
	EndGlobalSection
	GlobalSection(ProjectConfigurationPlatforms) = postSolution
		{D3B7ED42-5B43-463A-BC8A-4B3F09F7E923}.Debug|Any CPU.ActiveCfg = Debug|Any CPU
		{D3B7ED42-5B43-463A-BC8A-4B3F09F7E923}.Debug|Any CPU.Build.0 = Debug|Any CPU
		{D3B7ED42-5B43-463A-BC8A-4B3F09F7E923}.Release|Any CPU.ActiveCfg = Release|Any CPU
		{D3B7ED42-5B43-463A-BC8A-4B3F09F7E923}.Release|Any CPU.Build.0 = Release|Any CPU
		{EBEC2236-E119-451C-869E-214C214FDFD3}.Debug|Any CPU.ActiveCfg = Debug|Any CPU
		{EBEC2236-E119-451C-869E-214C214FDFD3}.Debug|Any CPU.Build.0 = Debug|Any CPU
		{EBEC2236-E119-451C-869E-214C214FDFD3}.Release|Any CPU.ActiveCfg = Release|Any CPU
		{EBEC2236-E119-451C-869E-214C214FDFD3}.Release|Any CPU.Build.0 = Release|Any CPU
	EndGlobalSection
	GlobalSection(SolutionProperties) = preSolution
		HideSolutionNode = FALSE
	EndGlobalSection
	GlobalSection(NestedProjects) = preSolution
		{D3B7ED42-5B43-463A-BC8A-4B3F09F7E923} = {B0CC03CF-86D3-4A23-8FA1-ABF43F656EF5}
		{EBEC2236-E119-451C-869E-214C214FDFD3} = {E8592EE4-F1D5-4335-AE7C-93AFF248916B}
	EndGlobalSection
	GlobalSection(ExtensibilityGlobals) = postSolution
		SolutionGuid = {A873F827-D927-4E96-823B-49541D85EA8C}
	EndGlobalSection
EndGlobal
